// !$*UTF8*$!
{
	archiveVersion = 1;
	classes = {
	};
	objectVersion = 50;
	objects = {

/* Begin PBXBuildFile section */
		9A3A3CE321B733A800B0A3E3 /* AppDelegate.swift in Sources */ = {isa = PBXBuildFile; fileRef = 9A3A3CE221B733A800B0A3E3 /* AppDelegate.swift */; };
		9A3A3CE821B733A800B0A3E3 /* Main.storyboard in Resources */ = {isa = PBXBuildFile; fileRef = 9A3A3CE621B733A800B0A3E3 /* Main.storyboard */; };
		9A3A3CEA21B733AA00B0A3E3 /* Assets.xcassets in Resources */ = {isa = PBXBuildFile; fileRef = 9A3A3CE921B733AA00B0A3E3 /* Assets.xcassets */; };
		9A3A3CED21B733AA00B0A3E3 /* LaunchScreen.storyboard in Resources */ = {isa = PBXBuildFile; fileRef = 9A3A3CEB21B733AA00B0A3E3 /* LaunchScreen.storyboard */; };
		9A3A3CF621B7451E00B0A3E3 /* URLExtensions.swift in Sources */ = {isa = PBXBuildFile; fileRef = 9A3A3CF521B7451E00B0A3E3 /* URLExtensions.swift */; };
		9A3A3CF821B7471200B0A3E3 /* DeeplinkManager.swift in Sources */ = {isa = PBXBuildFile; fileRef = 9A3A3CF721B7471200B0A3E3 /* DeeplinkManager.swift */; };
		9A3A3CFC21B747AE00B0A3E3 /* MainViewController.swift in Sources */ = {isa = PBXBuildFile; fileRef = 9A3A3CFB21B747AE00B0A3E3 /* MainViewController.swift */; };
/* End PBXBuildFile section */

/* Begin PBXFileReference section */
		9A3A3CDF21B733A800B0A3E3 /* DeeplinkTest.app */ = {isa = PBXFileReference; explicitFileType = wrapper.application; includeInIndex = 0; path = DeeplinkTest.app; sourceTree = BUILT_PRODUCTS_DIR; };
		9A3A3CE221B733A800B0A3E3 /* AppDelegate.swift */ = {isa = PBXFileReference; lastKnownFileType = sourcecode.swift; path = AppDelegate.swift; sourceTree = "<group>"; };
		9A3A3CE721B733A800B0A3E3 /* Base */ = {isa = PBXFileReference; lastKnownFileType = file.storyboard; name = Base; path = Base.lproj/Main.storyboard; sourceTree = "<group>"; };
		9A3A3CE921B733AA00B0A3E3 /* Assets.xcassets */ = {isa = PBXFileReference; lastKnownFileType = folder.assetcatalog; path = Assets.xcassets; sourceTree = "<group>"; };
		9A3A3CEC21B733AA00B0A3E3 /* Base */ = {isa = PBXFileReference; lastKnownFileType = file.storyboard; name = Base; path = Base.lproj/LaunchScreen.storyboard; sourceTree = "<group>"; };
		9A3A3CEE21B733AA00B0A3E3 /* Info.plist */ = {isa = PBXFileReference; lastKnownFileType = text.plist.xml; path = Info.plist; sourceTree = "<group>"; };
		9A3A3CF421B7356E00B0A3E3 /* DeeplinkTest.entitlements */ = {isa = PBXFileReference; lastKnownFileType = text.plist.entitlements; path = DeeplinkTest.entitlements; sourceTree = "<group>"; };
		9A3A3CF521B7451E00B0A3E3 /* URLExtensions.swift */ = {isa = PBXFileReference; lastKnownFileType = sourcecode.swift; path = URLExtensions.swift; sourceTree = "<group>"; };
		9A3A3CF721B7471200B0A3E3 /* DeeplinkManager.swift */ = {isa = PBXFileReference; lastKnownFileType = sourcecode.swift; path = DeeplinkManager.swift; sourceTree = "<group>"; };
		9A3A3CFB21B747AE00B0A3E3 /* MainViewController.swift */ = {isa = PBXFileReference; lastKnownFileType = sourcecode.swift; path = MainViewController.swift; sourceTree = "<group>"; };
/* End PBXFileReference section */

/* Begin PBXFrameworksBuildPhase section */
		9A3A3CDC21B733A800B0A3E3 /* Frameworks */ = {
			isa = PBXFrameworksBuildPhase;
			buildActionMask = 2147483647;
			files = (
			);
			runOnlyForDeploymentPostprocessing = 0;
		};
/* End PBXFrameworksBuildPhase section */

/* Begin PBXGroup section */
		9A3A3CD621B733A800B0A3E3 = {
			isa = PBXGroup;
			children = (
				9A3A3CE121B733A800B0A3E3 /* DeeplinkTest */,
				9A3A3CE021B733A800B0A3E3 /* Products */,
			);
			sourceTree = "<group>";
		};
		9A3A3CE021B733A800B0A3E3 /* Products */ = {
			isa = PBXGroup;
			children = (
				9A3A3CDF21B733A800B0A3E3 /* DeeplinkTest.app */,
			);
			name = Products;
			sourceTree = "<group>";
		};
		9A3A3CE121B733A800B0A3E3 /* DeeplinkTest */ = {
			isa = PBXGroup;
			children = (
				9A3A3CF421B7356E00B0A3E3 /* DeeplinkTest.entitlements */,
				9A3A3CFA21B7471A00B0A3E3 /* Controller */,
				9A3A3CF921B7471600B0A3E3 /* Model */,
				9A3A3CE221B733A800B0A3E3 /* AppDelegate.swift */,
				9A3A3CE621B733A800B0A3E3 /* Main.storyboard */,
				9A3A3CE921B733AA00B0A3E3 /* Assets.xcassets */,
				9A3A3CEB21B733AA00B0A3E3 /* LaunchScreen.storyboard */,
				9A3A3CEE21B733AA00B0A3E3 /* Info.plist */,
			);
			path = DeeplinkTest;
			sourceTree = "<group>";
		};
		9A3A3CF921B7471600B0A3E3 /* Model */ = {
			isa = PBXGroup;
			children = (
				9A3A3CF521B7451E00B0A3E3 /* URLExtensions.swift */,
				9A3A3CF721B7471200B0A3E3 /* DeeplinkManager.swift */,
			);
			path = Model;
			sourceTree = "<group>";
		};
		9A3A3CFA21B7471A00B0A3E3 /* Controller */ = {
			isa = PBXGroup;
			children = (
				9A3A3CFB21B747AE00B0A3E3 /* MainViewController.swift */,
			);
			path = Controller;
			sourceTree = "<group>";
		};
/* End PBXGroup section */

/* Begin PBXNativeTarget section */
		9A3A3CDE21B733A800B0A3E3 /* DeeplinkTest */ = {
			isa = PBXNativeTarget;
			buildConfigurationList = 9A3A3CF121B733AA00B0A3E3 /* Build configuration list for PBXNativeTarget "DeeplinkTest" */;
			buildPhases = (
				9A3A3CDB21B733A800B0A3E3 /* Sources */,
				9A3A3CDC21B733A800B0A3E3 /* Frameworks */,
				9A3A3CDD21B733A800B0A3E3 /* Resources */,
			);
			buildRules = (
			);
			dependencies = (
			);
			name = DeeplinkTest;
			productName = DeeplinkTest;
			productReference = 9A3A3CDF21B733A800B0A3E3 /* DeeplinkTest.app */;
			productType = "com.apple.product-type.application";
		};
/* End PBXNativeTarget section */

/* Begin PBXProject section */
		9A3A3CD721B733A800B0A3E3 /* Project object */ = {
			isa = PBXProject;
			attributes = {
				LastSwiftUpdateCheck = 1010;
				LastUpgradeCheck = 1010;
				ORGANIZATIONNAME = Nick;
				TargetAttributes = {
					9A3A3CDE21B733A800B0A3E3 = {
						CreatedOnToolsVersion = 10.1;
						SystemCapabilities = {
							com.apple.SafariKeychain = {
								enabled = 1;
							};
						};
					};
				};
			};
			buildConfigurationList = 9A3A3CDA21B733A800B0A3E3 /* Build configuration list for PBXProject "DeeplinkTest" */;
			compatibilityVersion = "Xcode 9.3";
			developmentRegion = en;
			hasScannedForEncodings = 0;
			knownRegions = (
				en,
				Base,
			);
			mainGroup = 9A3A3CD621B733A800B0A3E3;
			productRefGroup = 9A3A3CE021B733A800B0A3E3 /* Products */;
			projectDirPath = "";
			projectRoot = "";
			targets = (
				9A3A3CDE21B733A800B0A3E3 /* DeeplinkTest */,
			);
		};
/* End PBXProject section */

/* Begin PBXResourcesBuildPhase section */
		9A3A3CDD21B733A800B0A3E3 /* Resources */ = {
			isa = PBXResourcesBuildPhase;
			buildActionMask = 2147483647;
			files = (
				9A3A3CED21B733AA00B0A3E3 /* LaunchScreen.storyboard in Resources */,
				9A3A3CEA21B733AA00B0A3E3 /* Assets.xcassets in Resources */,
				9A3A3CE821B733A800B0A3E3 /* Main.storyboard in Resources */,
			);
			runOnlyForDeploymentPostprocessing = 0;
		};
/* End PBXResourcesBuildPhase section */

/* Begin PBXSourcesBuildPhase section */
		9A3A3CDB21B733A800B0A3E3 /* Sources */ = {
			isa = PBXSourcesBuildPhase;
			buildActionMask = 2147483647;
			files = (
				9A3A3CF621B7451E00B0A3E3 /* URLExtensions.swift in Sources */,
				9A3A3CE321B733A800B0A3E3 /* AppDelegate.swift in Sources */,
				9A3A3CF821B7471200B0A3E3 /* DeeplinkManager.swift in Sources */,
				9A3A3CFC21B747AE00B0A3E3 /* MainViewController.swift in Sources */,
			);
			runOnlyForDeploymentPostprocessing = 0;
		};
/* End PBXSourcesBuildPhase section */

/* Begin PBXVariantGroup section */
		9A3A3CE621B733A800B0A3E3 /* Main.storyboard */ = {
			isa = PBXVariantGroup;
			children = (
				9A3A3CE721B733A800B0A3E3 /* Base */,
			);
			name = Main.storyboard;
			sourceTree = "<group>";
		};
		9A3A3CEB21B733AA00B0A3E3 /* LaunchScreen.storyboard */ = {
			isa = PBXVariantGroup;
			children = (
				9A3A3CEC21B733AA00B0A3E3 /* Base */,
			);
			name = LaunchScreen.storyboard;
			sourceTree = "<group>";
		};
/* End PBXVariantGroup section */

/* Begin XCBuildConfiguration section */
		9A3A3CEF21B733AA00B0A3E3 /* Debug */ = {
			isa = XCBuildConfiguration;
			buildSettings = {
				ALWAYS_SEARCH_USER_PATHS = NO;
				CLANG_ANALYZER_NONNULL = YES;
				CLANG_ANALYZER_NUMBER_OBJECT_CONVERSION = YES_AGGRESSIVE;
				CLANG_CXX_LANGUAGE_STANDARD = "gnu++14";
				CLANG_CXX_LIBRARY = "libc++";
				CLANG_ENABLE_MODULES = YES;
				CLANG_ENABLE_OBJC_ARC = YES;
				CLANG_ENABLE_OBJC_WEAK = YES;
				CLANG_WARN_BLOCK_CAPTURE_AUTORELEASING = YES;
				CLANG_WARN_BOOL_CONVERSION = YES;
				CLANG_WARN_COMMA = YES;
				CLANG_WARN_CONSTANT_CONVERSION = YES;
				CLANG_WARN_DEPRECATED_OBJC_IMPLEMENTATIONS = YES;
				CLANG_WARN_DIRECT_OBJC_ISA_USAGE = YES_ERROR;
				CLANG_WARN_DOCUMENTATION_COMMENTS = YES;
				CLANG_WARN_EMPTY_BODY = YES;
				CLANG_WARN_ENUM_CONVERSION = YES;
				CLANG_WARN_INFINITE_RECURSION = YES;
				CLANG_WARN_INT_CONVERSION = YES;
				CLANG_WARN_NON_LITERAL_NULL_CONVERSION = YES;
				CLANG_WARN_OBJC_IMPLICIT_RETAIN_SELF = YES;
				CLANG_WARN_OBJC_LITERAL_CONVERSION = YES;
				CLANG_WARN_OBJC_ROOT_CLASS = YES_ERROR;
				CLANG_WARN_RANGE_LOOP_ANALYSIS = YES;
				CLANG_WARN_STRICT_PROTOTYPES = YES;
				CLANG_WARN_SUSPICIOUS_MOVE = YES;
				CLANG_WARN_UNGUARDED_AVAILABILITY = YES_AGGRESSIVE;
				CLANG_WARN_UNREACHABLE_CODE = YES;
				CLANG_WARN__DUPLICATE_METHOD_MATCH = YES;
				CODE_SIGN_IDENTITY = "iPhone Developer";
				COPY_PHASE_STRIP = NO;
				DEBUG_INFORMATION_FORMAT = dwarf;
				ENABLE_STRICT_OBJC_MSGSEND = YES;
				ENABLE_TESTABILITY = YES;
				GCC_C_LANGUAGE_STANDARD = gnu11;
				GCC_DYNAMIC_NO_PIC = NO;
				GCC_NO_COMMON_BLOCKS = YES;
				GCC_OPTIMIZATION_LEVEL = 0;
				GCC_PREPROCESSOR_DEFINITIONS = (
					"DEBUG=1",
					"$(inherited)",
				);
				GCC_WARN_64_TO_32_BIT_CONVERSION = YES;
				GCC_WARN_ABOUT_RETURN_TYPE = YES_ERROR;
				GCC_WARN_UNDECLARED_SELECTOR = YES;
				GCC_WARN_UNINITIALIZED_AUTOS = YES_AGGRESSIVE;
				GCC_WARN_UNUSED_FUNCTION = YES;
				GCC_WARN_UNUSED_VARIABLE = YES;
				IPHONEOS_DEPLOYMENT_TARGET = 12.1;
				MTL_ENABLE_DEBUG_INFO = INCLUDE_SOURCE;
				MTL_FAST_MATH = YES;
				ONLY_ACTIVE_ARCH = YES;
				SDKROOT = iphoneos;
				SWIFT_ACTIVE_COMPILATION_CONDITIONS = DEBUG;
				SWIFT_OPTIMIZATION_LEVEL = "-Onone";
			};
			name = Debug;
		};
		9A3A3CF021B733AA00B0A3E3 /* Release */ = {
			isa = XCBuildConfiguration;
			buildSettings = {
				ALWAYS_SEARCH_USER_PATHS = NO;
				CLANG_ANALYZER_NONNULL = YES;
				CLANG_ANALYZER_NUMBER_OBJECT_CONVERSION = YES_AGGRESSIVE;
				CLANG_CXX_LANGUAGE_STANDARD = "gnu++14";
				CLANG_CXX_LIBRARY = "libc++";
				CLANG_ENABLE_MODULES = YES;
				CLANG_ENABLE_OBJC_ARC = YES;
				CLANG_ENABLE_OBJC_WEAK = YES;
				CLANG_WARN_BLOCK_CAPTURE_AUTORELEASING = YES;
				CLANG_WARN_BOOL_CONVERSION = YES;
				CLANG_WARN_COMMA = YES;
				CLANG_WARN_CONSTANT_CONVERSION = YES;
				CLANG_WARN_DEPRECATED_OBJC_IMPLEMENTATIONS = YES;
				CLANG_WARN_DIRECT_OBJC_ISA_USAGE = YES_ERROR;
				CLANG_WARN_DOCUMENTATION_COMMENTS = YES;
				CLANG_WARN_EMPTY_BODY = YES;
				CLANG_WARN_ENUM_CONVERSION = YES;
				CLANG_WARN_INFINITE_RECURSION = YES;
				CLANG_WARN_INT_CONVERSION = YES;
				CLANG_WARN_NON_LITERAL_NULL_CONVERSION = YES;
				CLANG_WARN_OBJC_IMPLICIT_RETAIN_SELF = YES;
				CLANG_WARN_OBJC_LITERAL_CONVERSION = YES;
				CLANG_WARN_OBJC_ROOT_CLASS = YES_ERROR;
				CLANG_WARN_RANGE_LOOP_ANALYSIS = YES;
				CLANG_WARN_STRICT_PROTOTYPES = YES;
				CLANG_WARN_SUSPICIOUS_MOVE = YES;
				CLANG_WARN_UNGUARDED_AVAILABILITY = YES_AGGRESSIVE;
				CLANG_WARN_UNREACHABLE_CODE = YES;
				CLANG_WARN__DUPLICATE_METHOD_MATCH = YES;
				CODE_SIGN_IDENTITY = "iPhone Developer";
				COPY_PHASE_STRIP = NO;
				DEBUG_INFORMATION_FORMAT = "dwarf-with-dsym";
				ENABLE_NS_ASSERTIONS = NO;
				ENABLE_STRICT_OBJC_MSGSEND = YES;
				GCC_C_LANGUAGE_STANDARD = gnu11;
				GCC_NO_COMMON_BLOCKS = YES;
				GCC_WARN_64_TO_32_BIT_CONVERSION = YES;
				GCC_WARN_ABOUT_RETURN_TYPE = YES_ERROR;
				GCC_WARN_UNDECLARED_SELECTOR = YES;
				GCC_WARN_UNINITIALIZED_AUTOS = YES_AGGRESSIVE;
				GCC_WARN_UNUSED_FUNCTION = YES;
				GCC_WARN_UNUSED_VARIABLE = YES;
				IPHONEOS_DEPLOYMENT_TARGET = 12.1;
				MTL_ENABLE_DEBUG_INFO = NO;
				MTL_FAST_MATH = YES;
				SDKROOT = iphoneos;
				SWIFT_COMPILATION_MODE = wholemodule;
				SWIFT_OPTIMIZATION_LEVEL = "-O";
				VALIDATE_PRODUCT = YES;
			};
			name = Release;
		};
		9A3A3CF221B733AA00B0A3E3 /* Debug */ = {
			isa = XCBuildConfiguration;
			buildSettings = {
				ASSETCATALOG_COMPILER_APPICON_NAME = AppIcon;
				CODE_SIGN_ENTITLEMENTS = DeeplinkTest/DeeplinkTest.entitlements;
				CODE_SIGN_IDENTITY = "iPhone Developer";
				CODE_SIGN_STYLE = Automatic;
				DEVELOPMENT_TEAM = "";
				INFOPLIST_FILE = DeeplinkTest/Info.plist;
				IPHONEOS_DEPLOYMENT_TARGET = 10.0;
				LD_RUNPATH_SEARCH_PATHS = (
					"$(inherited)",
					"@executable_path/Frameworks",
				);
				PRODUCT_BUNDLE_IDENTIFIER = "-BUNDLE-IDENTIFIER-HERE-";
				PRODUCT_NAME = "$(TARGET_NAME)";
				PROVISIONING_PROFILE_SPECIFIER = "";
				SWIFT_VERSION = 4.2;
				TARGETED_DEVICE_FAMILY = 1;
			};
			name = Debug;
		};
		9A3A3CF321B733AA00B0A3E3 /* Release */ = {
			isa = XCBuildConfiguration;
			buildSettings = {
				ASSETCATALOG_COMPILER_APPICON_NAME = AppIcon;
				CODE_SIGN_ENTITLEMENTS = DeeplinkTest/DeeplinkTest.entitlements;
				CODE_SIGN_IDENTITY = "iPhone Developer";
				CODE_SIGN_STYLE = Automatic;
				DEVELOPMENT_TEAM = "";
				INFOPLIST_FILE = DeeplinkTest/Info.plist;
				IPHONEOS_DEPLOYMENT_TARGET = 10.0;
				LD_RUNPATH_SEARCH_PATHS = (
					"$(inherited)",
					"@executable_path/Frameworks",
				);
				PRODUCT_BUNDLE_IDENTIFIER = "-BUNDLE-IDENTIFIER-HERE-";
				PRODUCT_NAME = "$(TARGET_NAME)";
				PROVISIONING_PROFILE_SPECIFIER = "";
				SWIFT_VERSION = 4.2;
				TARGETED_DEVICE_FAMILY = 1;
			};
			name = Release;
		};
/* End XCBuildConfiguration section */

/* Begin XCConfigurationList section */
		9A3A3CDA21B733A800B0A3E3 /* Build configuration list for PBXProject "DeeplinkTest" */ = {
			isa = XCConfigurationList;
			buildConfigurations = (
				9A3A3CEF21B733AA00B0A3E3 /* Debug */,
				9A3A3CF021B733AA00B0A3E3 /* Release */,
			);
			defaultConfigurationIsVisible = 0;
			defaultConfigurationName = Release;
		};
		9A3A3CF121B733AA00B0A3E3 /* Build configuration list for PBXNativeTarget "DeeplinkTest" */ = {
			isa = XCConfigurationList;
			buildConfigurations = (
				9A3A3CF221B733AA00B0A3E3 /* Debug */,
				9A3A3CF321B733AA00B0A3E3 /* Release */,
			);
			defaultConfigurationIsVisible = 0;
			defaultConfigurationName = Release;
		};
/* End XCConfigurationList section */
	};
	rootObject = 9A3A3CD721B733A800B0A3E3 /* Project object */;
}
